{
    "_readme": [
        "This file locks the dependencies of your project to a known state",
        "Read more about it at http://getcomposer.org/doc/01-basic-usage.md#composer-lock-the-lock-file",
        "This file is @generated automatically"
    ],
    "hash": "fe059bacb7eaa2afc436d0ac8520a27b",
    "packages": [
        {
            "name": "barracuda/copy",
            "version": "dev-v2_part_method_content_type",
            "source": {
                "type": "git",
                "url": "https://github.com/ablyler/php-client-library",
                "reference": "31f78a16e06b640d00cdd213d3ea989d4ed170ce"
            },
            "require": {
                "eher/oauth": "dev-master",
                "ext-curl": "*",
                "ext-json": "*",
                "php": ">=5.3.0"
            },
            "require-dev": {
                "phpunit/phpunit": "3.7.*"
            },
            "type": "library",
            "autoload": {
                "psr-4": {
                    "Barracuda\\Copy\\": "src/"
                }
            },
            "license": [
                "MIT"
            ],
            "description": "Copy PHP library",
            "homepage": "https://github.com/copy-app/php-client-library",
            "keywords": [
                "copy"
            ],
            "time": "2014-08-10 19:08:56"
        },
        {
            "name": "eher/oauth",
            "version": "dev-master",
            "source": {
                "type": "git",
                "url": "https://github.com/EHER/OAuth.git",
                "reference": "c78a7d538cb4bd52770238c7b4e193e3e0b596ed"
            },
            "dist": {
                "type": "zip",
                "url": "https://api.github.com/repos/EHER/OAuth/zipball/c78a7d538cb4bd52770238c7b4e193e3e0b596ed",
                "reference": "c78a7d538cb4bd52770238c7b4e193e3e0b596ed",
                "shasum": ""
            },
            "require": {
                "php": ">=5.3.0"
            },
            "require-dev": {
                "eher/phpunit": "1.6"
            },
            "type": "library",
            "autoload": {
                "psr-0": {
                    "Eher\\OAuth": "src"
                }
            },
            "notification-url": "https://packagist.org/downloads/",
            "license": [
                "BSD-3-Clause"
            ],
            "description": "OAuth 1 PHP Library",
            "time": "2013-10-31 14:23:58"
        },
        {
            "name": "kevinlebrun/colors.php",
            "version": "0.2.0",
            "source": {
                "type": "git",
                "url": "https://github.com/kevinlebrun/colors.php.git",
                "reference": "b13d23b9365ece519abc0eaa77cd3061c5810d30"
            },
            "dist": {
                "type": "zip",
                "url": "https://api.github.com/repos/kevinlebrun/colors.php/zipball/b13d23b9365ece519abc0eaa77cd3061c5810d30",
                "reference": "b13d23b9365ece519abc0eaa77cd3061c5810d30",
                "shasum": ""
            },
            "require": {
                "php": ">=5.3.0"
            },
            "type": "library",
            "autoload": {
                "psr-0": {
                    "Colors": "lib/"
                }
            },
            "notification-url": "https://packagist.org/downloads/",
            "license": [
                "MIT"
            ],
            "authors": [
                {
                    "name": "Kevin Le Brun",
                    "email": "lebrun.k@gmail.com",
                    "homepage": "http://kevinlebrun.fr",
                    "role": "developer"
                }
            ],
            "description": "Colors for PHP CLI scripts",
            "homepage": "https://github.com/kevinlebrun/colors.php",
            "keywords": [
                "cli",
                "color",
                "colors",
                "console",
                "shell"
            ],
            "time": "2012-03-25 18:18:10"
        },
        {
            "name": "nategood/commando",
            "version": "0.2.6",
            "source": {
                "type": "git",
                "url": "https://github.com/nategood/commando.git",
                "reference": "d6c76c3478a5b90b4f1c79c7b3ca0dfe43ef77d6"
            },
            "dist": {
                "type": "zip",
                "url": "https://api.github.com/repos/nategood/commando/zipball/d6c76c3478a5b90b4f1c79c7b3ca0dfe43ef77d6",
                "reference": "d6c76c3478a5b90b4f1c79c7b3ca0dfe43ef77d6",
                "shasum": ""
            },
            "require": {
                "kevinlebrun/colors.php": "0.2.*",
                "php": ">=5.3"
            },
            "type": "library",
            "autoload": {
                "psr-0": {
                    "Commando": "src/"
                }
            },
            "notification-url": "https://packagist.org/downloads/",
            "license": [
                "MIT"
            ],
            "authors": [
                {
                    "name": "Nate Good",
                    "email": "me@nategood.com",
                    "homepage": "http://nategood.com"
                }
            ],
            "description": "PHP CLI Commando Style",
            "homepage": "http://github.com/nategood/commando",
            "keywords": [
                "automation",
                "cli",
                "command",
                "command line",
                "command line interface",
                "scripting"
            ],
            "time": "2014-05-14 01:19:26"
        }
    ],
    "packages-dev": [

    ],
    "aliases": [

    ],
    "minimum-stability": "stable",
    "stability-flags": {
        "barracuda/copy": 20,
        "eher/oauth": 20
    },
    "prefer-stable": false,
    "platform": {
        "php": ">=5.3",
        "ext-curl": "*"
    },
    "platform-dev": [

    ]
}
